
Microsoft Visual Studio Solution File, Format Version 12.00
# Visual Studio Version 16
VisualStudioVersion = 16.0.30907.101
MinimumVisualStudioVersion = 10.0.40219.1
Project("{FAE04EC0-301F-11D3-BF4B-00C04F79EFBC}") = "DbAssesment", "DbAssesment\DbAssesment.csproj", "{ED726651-3309-48FB-8EEE-AF7D09C58B8C}"
EndProject
Global
	GlobalSection(SolutionConfigurationPlatforms) = preSolution
		Debug|Any CPU = Debug|Any CPU
		Release|Any CPU = Release|Any CPU
	EndGlobalSection
	GlobalSection(ProjectConfigurationPlatforms) = postSolution
		{ED726651-3309-48FB-8EEE-AF7D09C58B8C}.Debug|Any CPU.ActiveCfg = Debug|Any CPU
		{ED726651-3309-48FB-8EEE-AF7D09C58B8C}.Debug|Any CPU.Build.0 = Debug|Any CPU
		{ED726651-3309-48FB-8EEE-AF7D09C58B8C}.Release|Any CPU.ActiveCfg = Release|Any CPU
		{ED726651-3309-48FB-8EEE-AF7D09C58B8C}.Release|Any CPU.Build.0 = Release|Any CPU
	EndGlobalSection
	GlobalSection(SolutionProperties) = preSolution
		HideSolutionNode = FALSE
	EndGlobalSection
	GlobalSection(ExtensibilityGlobals) = postSolution
		SolutionGuid = {AD1B39BB-0BB3-4DB3-8E4B-191DB366BD24}
	EndGlobalSection
EndGlobal
